PODS:
  - Alamofire (4.2.0)
  - AlamofireImage (3.2.0):
    - Alamofire (~> 4.1)
  - Crashlytics (3.8.3):
    - Fabric (~> 1.6.3)
  - DeviceKit (1.0.0)
  - Fabric (1.6.11)
  - JHChainableAnimations (1.3.0)
  - Realm (2.1.0):
    - Realm/Headers (= 2.1.0)
  - Realm/Headers (2.1.0)
  - RealmSwift (2.1.0):
    - Realm (= 2.1.0)
  - SnapKit (3.0.2)
  - SwiftTask (5.0.0)
  - UIColor_Hex_Swift (3.0.2)

DEPENDENCIES:
  - Alamofire
  - AlamofireImage
  - Crashlytics
  - DeviceKit
  - Fabric
  - JHChainableAnimations
  - RealmSwift
  - SnapKit
  - SwiftTask (from `https://github.com/ReactKit/SwiftTask/`, branch `swift/3.0`)
  - UIColor_Hex_Swift

EXTERNAL SOURCES:
  SwiftTask:
    :branch: swift/3.0
    :git: https://github.com/ReactKit/SwiftTask/

CHECKOUT OPTIONS:
  SwiftTask:
    :commit: 98f89883509d27229d60ff3f2ececdd82a46d674
    :git: https://github.com/ReactKit/SwiftTask/

SPEC CHECKSUMS:
  Alamofire: aa2e09d871c9160ac53c90e83c68064a94e3dfbe
  AlamofireImage: 157ed682cc81d3b9db4fb90c1f12180ac552d93b
  Crashlytics: 2b6dbe138a42395577cfa73dfa1aa7248cadf39e
  DeviceKit: ddead7f3a7c9603ba3a63cb748566428c38dd11f
  Fabric: 5911403591946b8228ab1c51d98f1d7137e863c6
  JHChainableAnimations: 22085fcb04ca87349e584573558e637f659fd769
  Realm: bc829ad0ef3d4eea70c34cfcc3b1704d18d50df1
  RealmSwift: a4d4abbf0088c337cab5b738054395842e4b3052
  SnapKit: 2e456761aa92d4d4067a7a5594c18769d451a8ad
  SwiftTask: 7fcd92f8ac16876e82c0e4ced0cea7e028456b6b
  UIColor_Hex_Swift: 95f718452092a3efc8a827dffd2c04d3237be02d

PODFILE CHECKSUM: ef3bb2cf856401782de5ba7d112fc95639b0e9b7

COCOAPODS: 1.1.1
